{
  "name": "marekit-redux",
  "version": "0.1.0",
  "lockfileVersion": 1,
  "requires": true,
  "dependencies": {
    "chance": {
      "version": "1.0.13",
      "resolved": "https://registry.npmjs.org/chance/-/chance-1.0.13.tgz",
      "integrity": "sha512-9cpcgmAIQiXC0eMgQuMZgXuHR2Y+gKUyGQnalqSAg5LlUJyJFsZeKyuHVSGhj+bx18ppH+Jo3VOayNeXR/7p9Q=="
    },
    "mobx-firebase-store": {
      "version": "1.2.1",
      "resolved": "https://registry.npmjs.org/mobx-firebase-store/-/mobx-firebase-store-1.2.1.tgz",
      "integrity": "sha1-4kqKmaIudLj8lTi792G2+tdNkj0="
    },
    "punycode": {
      "version": "1.4.1",
      "resolved": "https://registry.npmjs.org/punycode/-/punycode-1.4.1.tgz",
      "integrity": "sha1-wNWmOycYgArY4esPpSachN1BhF4="
    },
    "react-timeago": {
      "version": "3.4.3",
      "resolved": "https://registry.npmjs.org/react-timeago/-/react-timeago-3.4.3.tgz",
      "integrity": "sha1-65Bh7vsETkorCc6MmdNGRbLb+iU="
    },
    "slugify": {
      "version": "1.2.9",
      "resolved": "https://registry.npmjs.org/slugify/-/slugify-1.2.9.tgz",
      "integrity": "sha512-n0cdJ+kN3slJu8SbZXt/EHjljBqF6MxvMGSg/NPpBzoY7yyXoH38wp/ox20a1JaG1KgmdTN5Lf3aS9+xB2Y2aQ=="
    },
    "twitter-text": {
      "version": "2.0.4",
      "resolved": "https://registry.npmjs.org/twitter-text/-/twitter-text-2.0.4.tgz",
      "integrity": "sha512-SUNLKjvp2RXUeNRZR/k5kH6DXcwWFhqdorbz6MZTuASsPRnSl1uG8IVmjlnS2d4iMbIjDa5jrOd3kvfTfXEdSg==",
      "requires": {
        "punycode": "1.4.1"
      }
    }
  }
}
